# This file was autogenerated by Stack.
# You should not edit this file by hand.
# For more information, please see the documentation at:
#   https://docs.haskellstack.org/en/stable/lock_files

packages:
- completed:
    hackage: brick-0.64.2@sha256:7bc8aaba7620b064f1883c76f2cc459acb593bfe6b8f92e935ec8402030d4a00,16532
    pantry-tree:
      size: 6255
      sha256: bf165a160423320010a4a1c83756733aec4cd3744dcb0d8ff887a25d6bf694d0
  original:
    hackage: brick-0.64.2
- completed:
    hackage: regex-compat-0.95.2.1@sha256:32c5162c97e067fbd8dacd43a594d281245100823f206d69f3f7ba48c1dc2fe5,1756
    pantry-tree:
      size: 262
      sha256: 1e30c2697841a2f4afd07a25c3f6d0298b8e0ef59646a50f00a9667e3227c1b5
  original:
    hackage: regex-compat-0.95.2.1
- completed:
    hackage: containers-0.6.5.1@sha256:a029734132bb3471f8a91e3deaa095581a97410c405a1c665643053db87d87c1,2596
    pantry-tree:
      size: 2823
      sha256: 86234e3221f6fa50e82d860a8428005ac3ff19fea92103ff79a3047cd5cd1625
  original:
    hackage: containers-0.6.5.1
- completed:
    hackage: parsec-3.1.14.0@sha256:72d5c57e6e126adaa781ab97b19dc76f68490c0a3d88f14038219994cabe94e1,4356
    pantry-tree:
      size: 2574
      sha256: 495a86688c6e89faf38b8804cc4c9216709e9a6a93cf56c2f07d5bef83f09a17
  original:
    hackage: parsec-3.1.14.0
- completed:
    hackage: mtl-2.2.2@sha256:1050fb71acd9f5d67da7d992583f5bd0eb14407b9dc7acc122af1b738b706ca3,2261
    pantry-tree:
      size: 1713
      sha256: b8bdc2259e2f943a7252fb164805666fe108ac959d398e0af27b43ba2ebc241c
  original:
    hackage: mtl-2.2.2
- completed:
    hackage: transformers-0.5.6.2@sha256:6c959d14430f4deffb99579ba019de07c3d852a2122b6f449344386c7d75ff1d,3172
    pantry-tree:
      size: 2512
      sha256: c79246ba7d61392c2f214376fed3c2a05e4b2649b93ec2c849a86493f278ace0
  original:
    hackage: transformers-0.5.6.2
snapshots:
- completed:
    size: 586286
    url: https://raw.githubusercontent.com/commercialhaskell/stackage-snapshots/master/lts/18/16.yaml
    sha256: cdead65fca0323144b346c94286186f4969bf85594d649c49c7557295675d8a5
  original:
    url: https://raw.githubusercontent.com/commercialhaskell/stackage-snapshots/master/lts/18/16.yaml
